
Microsoft Visual Studio Solution File, Format Version 10.00
# Visual C# Express 2008
Project("{FAE04EC0-301F-11D3-BF4B-00C04F79EFBC}") = "linq2xml", "linq2xml.csproj", "{69B31845-4402-41F8-86D9-CC5C62CD727C}"
EndProject
Global
	GlobalSection(SolutionConfigurationPlatforms) = preSolution
		Debug|Any CPU = Debug|Any CPU
		Release|Any CPU = Release|Any CPU
	EndGlobalSection
	GlobalSection(ProjectConfigurationPlatforms) = postSolution
		{69B31845-4402-41F8-86D9-CC5C62CD727C}.Debug|Any CPU.ActiveCfg = Debug|Any CPU
		{69B31845-4402-41F8-86D9-CC5C62CD727C}.Debug|Any CPU.Build.0 = Debug|Any CPU
		{69B31845-4402-41F8-86D9-CC5C62CD727C}.Release|Any CPU.ActiveCfg = Release|Any CPU
		{69B31845-4402-41F8-86D9-CC5C62CD727C}.Release|Any CPU.Build.0 = Release|Any CPU
	EndGlobalSection
	GlobalSection(SolutionProperties) = preSolution
		HideSolutionNode = FALSE
	EndGlobalSection
EndGlobal
